// !$*UTF8*$!
{
	archiveVersion = 1;
	classes = {
	};
	objectVersion = 55;
	objects = {

/* Begin PBXBuildFile section */
		5FC84829281C483F00E14153 /* Twitter_CloneApp.swift in Sources */ = {isa = PBXBuildFile; fileRef = 5FC84828281C483F00E14153 /* Twitter_CloneApp.swift */; };
		5FC8482B281C483F00E14153 /* ContentView.swift in Sources */ = {isa = PBXBuildFile; fileRef = 5FC8482A281C483F00E14153 /* ContentView.swift */; };
		5FC8482D281C484100E14153 /* Assets.xcassets in Resources */ = {isa = PBXBuildFile; fileRef = 5FC8482C281C484100E14153 /* Assets.xcassets */; };
		5FC84830281C484100E14153 /* Preview Assets.xcassets in Resources */ = {isa = PBXBuildFile; fileRef = 5FC8482F281C484100E14153 /* Preview Assets.xcassets */; };
		5FC8483A281C484200E14153 /* Twitter_CloneTests.swift in Sources */ = {isa = PBXBuildFile; fileRef = 5FC84839281C484200E14153 /* Twitter_CloneTests.swift */; };
		5FC84844281C484200E14153 /* Twitter_CloneUITests.swift in Sources */ = {isa = PBXBuildFile; fileRef = 5FC84843281C484200E14153 /* Twitter_CloneUITests.swift */; };
		5FC84846281C484200E14153 /* Twitter_CloneUITestsLaunchTests.swift in Sources */ = {isa = PBXBuildFile; fileRef = 5FC84845281C484200E14153 /* Twitter_CloneUITestsLaunchTests.swift */; };
/* End PBXBuildFile section */

/* Begin PBXContainerItemProxy section */
		5FC84836281C484200E14153 /* PBXContainerItemProxy */ = {
			isa = PBXContainerItemProxy;
			containerPortal = 5FC8481D281C483E00E14153 /* Project object */;
			proxyType = 1;
			remoteGlobalIDString = 5FC84824281C483E00E14153;
			remoteInfo = "Twitter Clone";
		};
		5FC84840281C484200E14153 /* PBXContainerItemProxy */ = {
			isa = PBXContainerItemProxy;
			containerPortal = 5FC8481D281C483E00E14153 /* Project object */;
			proxyType = 1;
			remoteGlobalIDString = 5FC84824281C483E00E14153;
			remoteInfo = "Twitter Clone";
		};
/* End PBXContainerItemProxy section */

/* Begin PBXFileReference section */
		5FC84825281C483E00E14153 /* Twitter Clone.app */ = {isa = PBXFileReference; explicitFileType = wrapper.application; includeInIndex = 0; path = "Twitter Clone.app"; sourceTree = BUILT_PRODUCTS_DIR; };
		5FC84828281C483F00E14153 /* Twitter_CloneApp.swift */ = {isa = PBXFileReference; lastKnownFileType = sourcecode.swift; path = Twitter_CloneApp.swift; sourceTree = "<group>"; };
		5FC8482A281C483F00E14153 /* ContentView.swift */ = {isa = PBXFileReference; lastKnownFileType = sourcecode.swift; path = ContentView.swift; sourceTree = "<group>"; };
		5FC8482C281C484100E14153 /* Assets.xcassets */ = {isa = PBXFileReference; lastKnownFileType = folder.assetcatalog; path = Assets.xcassets; sourceTree = "<group>"; };
		5FC8482F281C484100E14153 /* Preview Assets.xcassets */ = {isa = PBXFileReference; lastKnownFileType = folder.assetcatalog; path = "Preview Assets.xcassets"; sourceTree = "<group>"; };
		5FC84835281C484200E14153 /* Twitter CloneTests.xctest */ = {isa = PBXFileReference; explicitFileType = wrapper.cfbundle; includeInIndex = 0; path = "Twitter CloneTests.xctest"; sourceTree = BUILT_PRODUCTS_DIR; };
		5FC84839281C484200E14153 /* Twitter_CloneTests.swift */ = {isa = PBXFileReference; lastKnownFileType = sourcecode.swift; path = Twitter_CloneTests.swift; sourceTree = "<group>"; };
		5FC8483F281C484200E14153 /* Twitter CloneUITests.xctest */ = {isa = PBXFileReference; explicitFileType = wrapper.cfbundle; includeInIndex = 0; path = "Twitter CloneUITests.xctest"; sourceTree = BUILT_PRODUCTS_DIR; };
		5FC84843281C484200E14153 /* Twitter_CloneUITests.swift */ = {isa = PBXFileReference; lastKnownFileType = sourcecode.swift; path = Twitter_CloneUITests.swift; sourceTree = "<group>"; };
		5FC84845281C484200E14153 /* Twitter_CloneUITestsLaunchTests.swift */ = {isa = PBXFileReference; lastKnownFileType = sourcecode.swift; path = Twitter_CloneUITestsLaunchTests.swift; sourceTree = "<group>"; };
/* End PBXFileReference section */

/* Begin PBXFrameworksBuildPhase section */
		5FC84822281C483E00E14153 /* Frameworks */ = {
			isa = PBXFrameworksBuildPhase;
			buildActionMask = 2147483647;
			files = (
			);
			runOnlyForDeploymentPostprocessing = 0;
		};
		5FC84832281C484200E14153 /* Frameworks */ = {
			isa = PBXFrameworksBuildPhase;
			buildActionMask = 2147483647;
			files = (
			);
			runOnlyForDeploymentPostprocessing = 0;
		};
		5FC8483C281C484200E14153 /* Frameworks */ = {
			isa = PBXFrameworksBuildPhase;
			buildActionMask = 2147483647;
			files = (
			);
			runOnlyForDeploymentPostprocessing = 0;
		};
/* End PBXFrameworksBuildPhase section */

/* Begin PBXGroup section */
		5FC8481C281C483E00E14153 = {
			isa = PBXGroup;
			children = (
				5FC84827281C483E00E14153 /* Twitter Clone */,
				5FC84838281C484200E14153 /* Twitter CloneTests */,
				5FC84842281C484200E14153 /* Twitter CloneUITests */,
				5FC84826281C483E00E14153 /* Products */,
			);
			sourceTree = "<group>";
		};
		5FC84826281C483E00E14153 /* Products */ = {
			isa = PBXGroup;
			children = (
				5FC84825281C483E00E14153 /* Twitter Clone.app */,
				5FC84835281C484200E14153 /* Twitter CloneTests.xctest */,
				5FC8483F281C484200E14153 /* Twitter CloneUITests.xctest */,
			);
			name = Products;
			sourceTree = "<group>";
		};
		5FC84827281C483E00E14153 /* Twitter Clone */ = {
			isa = PBXGroup;
			children = (
				5FC84828281C483F00E14153 /* Twitter_CloneApp.swift */,
				5FC8482A281C483F00E14153 /* ContentView.swift */,
				5FC8482C281C484100E14153 /* Assets.xcassets */,
				5FC8482E281C484100E14153 /* Preview Content */,
			);
			path = "Twitter Clone";
			sourceTree = "<group>";
		};
		5FC8482E281C484100E14153 /* Preview Content */ = {
			isa = PBXGroup;
			children = (
				5FC8482F281C484100E14153 /* Preview Assets.xcassets */,
			);
			path = "Preview Content";
			sourceTree = "<group>";
		};
		5FC84838281C484200E14153 /* Twitter CloneTests */ = {
			isa = PBXGroup;
			children = (
				5FC84839281C484200E14153 /* Twitter_CloneTests.swift */,
			);
			path = "Twitter CloneTests";
			sourceTree = "<group>";
		};
		5FC84842281C484200E14153 /* Twitter CloneUITests */ = {
			isa = PBXGroup;
			children = (
				5FC84843281C484200E14153 /* Twitter_CloneUITests.swift */,
				5FC84845281C484200E14153 /* Twitter_CloneUITestsLaunchTests.swift */,
			);
			path = "Twitter CloneUITests";
			sourceTree = "<group>";
		};
/* End PBXGroup section */

/* Begin PBXNativeTarget section */
		5FC84824281C483E00E14153 /* Twitter Clone */ = {
			isa = PBXNativeTarget;
			buildConfigurationList = 5FC84849281C484200E14153 /* Build configuration list for PBXNativeTarget "Twitter Clone" */;
			buildPhases = (
				5FC84821281C483E00E14153 /* Sources */,
				5FC84822281C483E00E14153 /* Frameworks */,
				5FC84823281C483E00E14153 /* Resources */,
			);
			buildRules = (
			);
			dependencies = (
			);
			name = "Twitter Clone";
			productName = "Twitter Clone";
			productReference = 5FC84825281C483E00E14153 /* Twitter Clone.app */;
			productType = "com.apple.product-type.application";
		};
		5FC84834281C484200E14153 /* Twitter CloneTests */ = {
			isa = PBXNativeTarget;
			buildConfigurationList = 5FC8484C281C484200E14153 /* Build configuration list for PBXNativeTarget "Twitter CloneTests" */;
			buildPhases = (
				5FC84831281C484200E14153 /* Sources */,
				5FC84832281C484200E14153 /* Frameworks */,
				5FC84833281C484200E14153 /* Resources */,
			);
			buildRules = (
			);
			dependencies = (
				5FC84837281C484200E14153 /* PBXTargetDependency */,
			);
			name = "Twitter CloneTests";
			productName = "Twitter CloneTests";
			productReference = 5FC84835281C484200E14153 /* Twitter CloneTests.xctest */;
			productType = "com.apple.product-type.bundle.unit-test";
		};
		5FC8483E281C484200E14153 /* Twitter CloneUITests */ = {
			isa = PBXNativeTarget;
			buildConfigurationList = 5FC8484F281C484200E14153 /* Build configuration list for PBXNativeTarget "Twitter CloneUITests" */;
			buildPhases = (
				5FC8483B281C484200E14153 /* Sources */,
				5FC8483C281C484200E14153 /* Frameworks */,
				5FC8483D281C484200E14153 /* Resources */,
			);
			buildRules = (
			);
			dependencies = (
				5FC84841281C484200E14153 /* PBXTargetDependency */,
			);
			name = "Twitter CloneUITests";
			productName = "Twitter CloneUITests";
			productReference = 5FC8483F281C484200E14153 /* Twitter CloneUITests.xctest */;
			productType = "com.apple.product-type.bundle.ui-testing";
		};
/* End PBXNativeTarget section */

/* Begin PBXProject section */
		5FC8481D281C483E00E14153 /* Project object */ = {
			isa = PBXProject;
			attributes = {
				BuildIndependentTargetsInParallel = 1;
				LastSwiftUpdateCheck = 1330;
				LastUpgradeCheck = 1330;
				TargetAttributes = {
					5FC84824281C483E00E14153 = {
						CreatedOnToolsVersion = 13.3.1;
					};
					5FC84834281C484200E14153 = {
						CreatedOnToolsVersion = 13.3.1;
						TestTargetID = 5FC84824281C483E00E14153;
					};
					5FC8483E281C484200E14153 = {
						CreatedOnToolsVersion = 13.3.1;
						TestTargetID = 5FC84824281C483E00E14153;
					};
				};
			};
			buildConfigurationList = 5FC84820281C483E00E14153 /* Build configuration list for PBXProject "Twitter Clone" */;
			compatibilityVersion = "Xcode 13.0";
			developmentRegion = en;
			hasScannedForEncodings = 0;
			knownRegions = (
				en,
				Base,
			);
			mainGroup = 5FC8481C281C483E00E14153;
			productRefGroup = 5FC84826281C483E00E14153 /* Products */;
			projectDirPath = "";
			projectRoot = "";
			targets = (
				5FC84824281C483E00E14153 /* Twitter Clone */,
				5FC84834281C484200E14153 /* Twitter CloneTests */,
				5FC8483E281C484200E14153 /* Twitter CloneUITests */,
			);
		};
/* End PBXProject section */

/* Begin PBXResourcesBuildPhase section */
		5FC84823281C483E00E14153 /* Resources */ = {
			isa = PBXResourcesBuildPhase;
			buildActionMask = 2147483647;
			files = (
				5FC84830281C484100E14153 /* Preview Assets.xcassets in Resources */,
				5FC8482D281C484100E14153 /* Assets.xcassets in Resources */,
			);
			runOnlyForDeploymentPostprocessing = 0;
		};
		5FC84833281C484200E14153 /* Resources */ = {
			isa = PBXResourcesBuildPhase;
			buildActionMask = 2147483647;
			files = (
			);
			runOnlyForDeploymentPostprocessing = 0;
		};
		5FC8483D281C484200E14153 /* Resources */ = {
			isa = PBXResourcesBuildPhase;
			buildActionMask = 2147483647;
			files = (
			);
			runOnlyForDeploymentPostprocessing = 0;
		};
/* End PBXResourcesBuildPhase section */

/* Begin PBXSourcesBuildPhase section */
		5FC84821281C483E00E14153 /* Sources */ = {
			isa = PBXSourcesBuildPhase;
			buildActionMask = 2147483647;
			files = (
				5FC8482B281C483F00E14153 /* ContentView.swift in Sources */,
				5FC84829281C483F00E14153 /* Twitter_CloneApp.swift in Sources */,
			);
			runOnlyForDeploymentPostprocessing = 0;
		};
		5FC84831281C484200E14153 /* Sources */ = {
			isa = PBXSourcesBuildPhase;
			buildActionMask = 2147483647;
			files = (
				5FC8483A281C484200E14153 /* Twitter_CloneTests.swift in Sources */,
			);
			runOnlyForDeploymentPostprocessing = 0;
		};
		5FC8483B281C484200E14153 /* Sources */ = {
			isa = PBXSourcesBuildPhase;
			buildActionMask = 2147483647;
			files = (
				5FC84846281C484200E14153 /* Twitter_CloneUITestsLaunchTests.swift in Sources */,
				5FC84844281C484200E14153 /* Twitter_CloneUITests.swift in Sources */,
			);
			runOnlyForDeploymentPostprocessing = 0;
		};
/* End PBXSourcesBuildPhase section */

/* Begin PBXTargetDependency section */
		5FC84837281C484200E14153 /* PBXTargetDependency */ = {
			isa = PBXTargetDependency;
			target = 5FC84824281C483E00E14153 /* Twitter Clone */;
			targetProxy = 5FC84836281C484200E14153 /* PBXContainerItemProxy */;
		};
		5FC84841281C484200E14153 /* PBXTargetDependency */ = {
			isa = PBXTargetDependency;
			target = 5FC84824281C483E00E14153 /* Twitter Clone */;
			targetProxy = 5FC84840281C484200E14153 /* PBXContainerItemProxy */;
		};
/* End PBXTargetDependency section */

/* Begin XCBuildConfiguration section */
		5FC84847281C484200E14153 /* Debug */ = {
			isa = XCBuildConfiguration;
			buildSettings = {
				ALWAYS_SEARCH_USER_PATHS = NO;
				CLANG_ANALYZER_NONNULL = YES;
				CLANG_ANALYZER_NUMBER_OBJECT_CONVERSION = YES_AGGRESSIVE;
				CLANG_CXX_LANGUAGE_STANDARD = "gnu++17";
				CLANG_ENABLE_MODULES = YES;
				CLANG_ENABLE_OBJC_ARC = YES;
				CLANG_ENABLE_OBJC_WEAK = YES;
				CLANG_WARN_BLOCK_CAPTURE_AUTORELEASING = YES;
				CLANG_WARN_BOOL_CONVERSION = YES;
				CLANG_WARN_COMMA = YES;
				CLANG_WARN_CONSTANT_CONVERSION = YES;
				CLANG_WARN_DEPRECATED_OBJC_IMPLEMENTATIONS = YES;
				CLANG_WARN_DIRECT_OBJC_ISA_USAGE = YES_ERROR;
				CLANG_WARN_DOCUMENTATION_COMMENTS = YES;
				CLANG_WARN_EMPTY_BODY = YES;
				CLANG_WARN_ENUM_CONVERSION = YES;
				CLANG_WARN_INFINITE_RECURSION = YES;
				CLANG_WARN_INT_CONVERSION = YES;
				CLANG_WARN_NON_LITERAL_NULL_CONVERSION = YES;
				CLANG_WARN_OBJC_IMPLICIT_RETAIN_SELF = YES;
				CLANG_WARN_OBJC_LITERAL_CONVERSION = YES;
				CLANG_WARN_OBJC_ROOT_CLASS = YES_ERROR;
				CLANG_WARN_QUOTED_INCLUDE_IN_FRAMEWORK_HEADER = YES;
				CLANG_WARN_RANGE_LOOP_ANALYSIS = YES;
				CLANG_WARN_STRICT_PROTOTYPES = YES;
				CLANG_WARN_SUSPICIOUS_MOVE = YES;
				CLANG_WARN_UNGUARDED_AVAILABILITY = YES_AGGRESSIVE;
				CLANG_WARN_UNREACHABLE_CODE = YES;
				CLANG_WARN__DUPLICATE_METHOD_MATCH = YES;
				COPY_PHASE_STRIP = NO;
				DEBUG_INFORMATION_FORMAT = dwarf;
				ENABLE_STRICT_OBJC_MSGSEND = YES;
				ENABLE_TESTABILITY = YES;
				GCC_C_LANGUAGE_STANDARD = gnu11;
				GCC_DYNAMIC_NO_PIC = NO;
				GCC_NO_COMMON_BLOCKS = YES;
				GCC_OPTIMIZATION_LEVEL = 0;
				GCC_PREPROCESSOR_DEFINITIONS = (
					"DEBUG=1",
					"$(inherited)",
				);
				GCC_WARN_64_TO_32_BIT_CONVERSION = YES;
				GCC_WARN_ABOUT_RETURN_TYPE = YES_ERROR;
				GCC_WARN_UNDECLARED_SELECTOR = YES;
				GCC_WARN_UNINITIALIZED_AUTOS = YES_AGGRESSIVE;
				GCC_WARN_UNUSED_FUNCTION = YES;
				GCC_WARN_UNUSED_VARIABLE = YES;
				IPHONEOS_DEPLOYMENT_TARGET = 15.4;
				MTL_ENABLE_DEBUG_INFO = INCLUDE_SOURCE;
				MTL_FAST_MATH = YES;
				ONLY_ACTIVE_ARCH = YES;
				SDKROOT = iphoneos;
				SWIFT_ACTIVE_COMPILATION_CONDITIONS = DEBUG;
				SWIFT_OPTIMIZATION_LEVEL = "-Onone";
			};
			name = Debug;
		};
		5FC84848281C484200E14153 /* Release */ = {
			isa = XCBuildConfiguration;
			buildSettings = {
				ALWAYS_SEARCH_USER_PATHS = NO;
				CLANG_ANALYZER_NONNULL = YES;
				CLANG_ANALYZER_NUMBER_OBJECT_CONVERSION = YES_AGGRESSIVE;
				CLANG_CXX_LANGUAGE_STANDARD = "gnu++17";
				CLANG_ENABLE_MODULES = YES;
				CLANG_ENABLE_OBJC_ARC = YES;
				CLANG_ENABLE_OBJC_WEAK = YES;
				CLANG_WARN_BLOCK_CAPTURE_AUTORELEASING = YES;
				CLANG_WARN_BOOL_CONVERSION = YES;
				CLANG_WARN_COMMA = YES;
				CLANG_WARN_CONSTANT_CONVERSION = YES;
				CLANG_WARN_DEPRECATED_OBJC_IMPLEMENTATIONS = YES;
				CLANG_WARN_DIRECT_OBJC_ISA_USAGE = YES_ERROR;
				CLANG_WARN_DOCUMENTATION_COMMENTS = YES;
				CLANG_WARN_EMPTY_BODY = YES;
				CLANG_WARN_ENUM_CONVERSION = YES;
				CLANG_WARN_INFINITE_RECURSION = YES;
				CLANG_WARN_INT_CONVERSION = YES;
				CLANG_WARN_NON_LITERAL_NULL_CONVERSION = YES;
				CLANG_WARN_OBJC_IMPLICIT_RETAIN_SELF = YES;
				CLANG_WARN_OBJC_LITERAL_CONVERSION = YES;
				CLANG_WARN_OBJC_ROOT_CLASS = YES_ERROR;
				CLANG_WARN_QUOTED_INCLUDE_IN_FRAMEWORK_HEADER = YES;
				CLANG_WARN_RANGE_LOOP_ANALYSIS = YES;
				CLANG_WARN_STRICT_PROTOTYPES = YES;
				CLANG_WARN_SUSPICIOUS_MOVE = YES;
				CLANG_WARN_UNGUARDED_AVAILABILITY = YES_AGGRESSIVE;
				CLANG_WARN_UNREACHABLE_CODE = YES;
				CLANG_WARN__DUPLICATE_METHOD_MATCH = YES;
				COPY_PHASE_STRIP = NO;
				DEBUG_INFORMATION_FORMAT = "dwarf-with-dsym";
				ENABLE_NS_ASSERTIONS = NO;
				ENABLE_STRICT_OBJC_MSGSEND = YES;
				GCC_C_LANGUAGE_STANDARD = gnu11;
				GCC_NO_COMMON_BLOCKS = YES;
				GCC_WARN_64_TO_32_BIT_CONVERSION = YES;
				GCC_WARN_ABOUT_RETURN_TYPE = YES_ERROR;
				GCC_WARN_UNDECLARED_SELECTOR = YES;
				GCC_WARN_UNINITIALIZED_AUTOS = YES_AGGRESSIVE;
				GCC_WARN_UNUSED_FUNCTION = YES;
				GCC_WARN_UNUSED_VARIABLE = YES;
				IPHONEOS_DEPLOYMENT_TARGET = 15.4;
				MTL_ENABLE_DEBUG_INFO = NO;
				MTL_FAST_MATH = YES;
				SDKROOT = iphoneos;
				SWIFT_COMPILATION_MODE = wholemodule;
				SWIFT_OPTIMIZATION_LEVEL = "-O";
				VALIDATE_PRODUCT = YES;
			};
			name = Release;
		};
		5FC8484A281C484200E14153 /* Debug */ = {
			isa = XCBuildConfiguration;
			buildSettings = {
				ASSETCATALOG_COMPILER_APPICON_NAME = AppIcon;
				ASSETCATALOG_COMPILER_GLOBAL_ACCENT_COLOR_NAME = AccentColor;
				CODE_SIGN_STYLE = Automatic;
				CURRENT_PROJECT_VERSION = 1;
				DEVELOPMENT_ASSET_PATHS = "\"Twitter Clone/Preview Content\"";
				ENABLE_PREVIEWS = YES;
				GENERATE_INFOPLIST_FILE = YES;
				INFOPLIST_KEY_UIApplicationSceneManifest_Generation = YES;
				INFOPLIST_KEY_UIApplicationSupportsIndirectInputEvents = YES;
				INFOPLIST_KEY_UILaunchScreen_Generation = YES;
				INFOPLIST_KEY_UISupportedInterfaceOrientations_iPad = "UIInterfaceOrientationPortrait UIInterfaceOrientationPortraitUpsideDown UIInterfaceOrientationLandscapeLeft UIInterfaceOrientationLandscapeRight";
				INFOPLIST_KEY_UISupportedInterfaceOrientations_iPhone = "UIInterfaceOrientationPortrait UIInterfaceOrientationLandscapeLeft UIInterfaceOrientationLandscapeRight";
				LD_RUNPATH_SEARCH_PATHS = (
					"$(inherited)",
					"@executable_path/Frameworks",
				);
				MARKETING_VERSION = 1.0;
				PRODUCT_BUNDLE_IDENTIFIER = "Kitt.com.Twitter-Clone";
				PRODUCT_NAME = "$(TARGET_NAME)";
				SWIFT_EMIT_LOC_STRINGS = YES;
				SWIFT_VERSION = 5.0;
				TARGETED_DEVICE_FAMILY = "1,2";
			};
			name = Debug;
		};
		5FC8484B281C484200E14153 /* Release */ = {
			isa = XCBuildConfiguration;
			buildSettings = {
				ASSETCATALOG_COMPILER_APPICON_NAME = AppIcon;
				ASSETCATALOG_COMPILER_GLOBAL_ACCENT_COLOR_NAME = AccentColor;
				CODE_SIGN_STYLE = Automatic;
				CURRENT_PROJECT_VERSION = 1;
				DEVELOPMENT_ASSET_PATHS = "\"Twitter Clone/Preview Content\"";
				ENABLE_PREVIEWS = YES;
				GENERATE_INFOPLIST_FILE = YES;
				INFOPLIST_KEY_UIApplicationSceneManifest_Generation = YES;
				INFOPLIST_KEY_UIApplicationSupportsIndirectInputEvents = YES;
				INFOPLIST_KEY_UILaunchScreen_Generation = YES;
				INFOPLIST_KEY_UISupportedInterfaceOrientations_iPad = "UIInterfaceOrientationPortrait UIInterfaceOrientationPortraitUpsideDown UIInterfaceOrientationLandscapeLeft UIInterfaceOrientationLandscapeRight";
				INFOPLIST_KEY_UISupportedInterfaceOrientations_iPhone = "UIInterfaceOrientationPortrait UIInterfaceOrientationLandscapeLeft UIInterfaceOrientationLandscapeRight";
				LD_RUNPATH_SEARCH_PATHS = (
					"$(inherited)",
					"@executable_path/Frameworks",
				);
				MARKETING_VERSION = 1.0;
				PRODUCT_BUNDLE_IDENTIFIER = "Kitt.com.Twitter-Clone";
				PRODUCT_NAME = "$(TARGET_NAME)";
				SWIFT_EMIT_LOC_STRINGS = YES;
				SWIFT_VERSION = 5.0;
				TARGETED_DEVICE_FAMILY = "1,2";
			};
			name = Release;
		};
		5FC8484D281C484200E14153 /* Debug */ = {
			isa = XCBuildConfiguration;
			buildSettings = {
				ALWAYS_EMBED_SWIFT_STANDARD_LIBRARIES = YES;
				BUNDLE_LOADER = "$(TEST_HOST)";
				CODE_SIGN_STYLE = Automatic;
				CURRENT_PROJECT_VERSION = 1;
				GENERATE_INFOPLIST_FILE = YES;
				IPHONEOS_DEPLOYMENT_TARGET = 15.4;
				MARKETING_VERSION = 1.0;
				PRODUCT_BUNDLE_IDENTIFIER = "Kitt.com.Twitter-CloneTests";
				PRODUCT_NAME = "$(TARGET_NAME)";
				SWIFT_EMIT_LOC_STRINGS = NO;
				SWIFT_VERSION = 5.0;
				TARGETED_DEVICE_FAMILY = "1,2";
				TEST_HOST = "$(BUILT_PRODUCTS_DIR)/Twitter Clone.app/Twitter Clone";
			};
			name = Debug;
		};
		5FC8484E281C484200E14153 /* Release */ = {
			isa = XCBuildConfiguration;
			buildSettings = {
				ALWAYS_EMBED_SWIFT_STANDARD_LIBRARIES = YES;
				BUNDLE_LOADER = "$(TEST_HOST)";
				CODE_SIGN_STYLE = Automatic;
				CURRENT_PROJECT_VERSION = 1;
				GENERATE_INFOPLIST_FILE = YES;
				IPHONEOS_DEPLOYMENT_TARGET = 15.4;
				MARKETING_VERSION = 1.0;
				PRODUCT_BUNDLE_IDENTIFIER = "Kitt.com.Twitter-CloneTests";
				PRODUCT_NAME = "$(TARGET_NAME)";
				SWIFT_EMIT_LOC_STRINGS = NO;
				SWIFT_VERSION = 5.0;
				TARGETED_DEVICE_FAMILY = "1,2";
				TEST_HOST = "$(BUILT_PRODUCTS_DIR)/Twitter Clone.app/Twitter Clone";
			};
			name = Release;
		};
		5FC84850281C484200E14153 /* Debug */ = {
			isa = XCBuildConfiguration;
			buildSettings = {
				ALWAYS_EMBED_SWIFT_STANDARD_LIBRARIES = YES;
				CODE_SIGN_STYLE = Automatic;
				CURRENT_PROJECT_VERSION = 1;
				GENERATE_INFOPLIST_FILE = YES;
				MARKETING_VERSION = 1.0;
				PRODUCT_BUNDLE_IDENTIFIER = "Kitt.com.Twitter-CloneUITests";
				PRODUCT_NAME = "$(TARGET_NAME)";
				SWIFT_EMIT_LOC_STRINGS = NO;
				SWIFT_VERSION = 5.0;
				TARGETED_DEVICE_FAMILY = "1,2";
				TEST_TARGET_NAME = "Twitter Clone";
			};
			name = Debug;
		};
		5FC84851281C484200E14153 /* Release */ = {
			isa = XCBuildConfiguration;
			buildSettings = {
				ALWAYS_EMBED_SWIFT_STANDARD_LIBRARIES = YES;
				CODE_SIGN_STYLE = Automatic;
				CURRENT_PROJECT_VERSION = 1;
				GENERATE_INFOPLIST_FILE = YES;
				MARKETING_VERSION = 1.0;
				PRODUCT_BUNDLE_IDENTIFIER = "Kitt.com.Twitter-CloneUITests";
				PRODUCT_NAME = "$(TARGET_NAME)";
				SWIFT_EMIT_LOC_STRINGS = NO;
				SWIFT_VERSION = 5.0;
				TARGETED_DEVICE_FAMILY = "1,2";
				TEST_TARGET_NAME = "Twitter Clone";
			};
			name = Release;
		};
/* End XCBuildConfiguration section */

/* Begin XCConfigurationList section */
		5FC84820281C483E00E14153 /* Build configuration list for PBXProject "Twitter Clone" */ = {
			isa = XCConfigurationList;
			buildConfigurations = (
				5FC84847281C484200E14153 /* Debug */,
				5FC84848281C484200E14153 /* Release */,
			);
			defaultConfigurationIsVisible = 0;
			defaultConfigurationName = Release;
		};
		5FC84849281C484200E14153 /* Build configuration list for PBXNativeTarget "Twitter Clone" */ = {
			isa = XCConfigurationList;
			buildConfigurations = (
				5FC8484A281C484200E14153 /* Debug */,
				5FC8484B281C484200E14153 /* Release */,
			);
			defaultConfigurationIsVisible = 0;
			defaultConfigurationName = Release;
		};
		5FC8484C281C484200E14153 /* Build configuration list for PBXNativeTarget "Twitter CloneTests" */ = {
			isa = XCConfigurationList;
			buildConfigurations = (
				5FC8484D281C484200E14153 /* Debug */,
				5FC8484E281C484200E14153 /* Release */,
			);
			defaultConfigurationIsVisible = 0;
			defaultConfigurationName = Release;
		};
		5FC8484F281C484200E14153 /* Build configuration list for PBXNativeTarget "Twitter CloneUITests" */ = {
			isa = XCConfigurationList;
			buildConfigurations = (
				5FC84850281C484200E14153 /* Debug */,
				5FC84851281C484200E14153 /* Release */,
			);
			defaultConfigurationIsVisible = 0;
			defaultConfigurationName = Release;
		};
/* End XCConfigurationList section */
	};
	rootObject = 5FC8481D281C483E00E14153 /* Project object */;
}
